
Microsoft Visual Studio Solution File, Format Version 12.00
# Visual Studio 15
VisualStudioVersion = 15.0.28010.2026
MinimumVisualStudioVersion = 10.0.40219.1
Project("{FAE04EC0-301F-11D3-BF4B-00C04F79EFBC}") = "TESIS002", "TESIS002\TESIS002.csproj", "{57EBD310-2B97-4AD9-90EB-32C31E5DF92E}"
EndProject
Global
	GlobalSection(SolutionConfigurationPlatforms) = preSolution
		Debug|Any CPU = Debug|Any CPU
		Release|Any CPU = Release|Any CPU
	EndGlobalSection
	GlobalSection(ProjectConfigurationPlatforms) = postSolution
		{57EBD310-2B97-4AD9-90EB-32C31E5DF92E}.Debug|Any CPU.ActiveCfg = Debug|Any CPU
		{57EBD310-2B97-4AD9-90EB-32C31E5DF92E}.Debug|Any CPU.Build.0 = Debug|Any CPU
		{57EBD310-2B97-4AD9-90EB-32C31E5DF92E}.Release|Any CPU.ActiveCfg = Release|Any CPU
		{57EBD310-2B97-4AD9-90EB-32C31E5DF92E}.Release|Any CPU.Build.0 = Release|Any CPU
	EndGlobalSection
	GlobalSection(SolutionProperties) = preSolution
		HideSolutionNode = FALSE
	EndGlobalSection
	GlobalSection(ExtensibilityGlobals) = postSolution
		SolutionGuid = {204E6A73-E40B-41B8-BE03-25E3DE06AF9E}
	EndGlobalSection
EndGlobal
